# THIS IS AN AUTOGENERATED FILE. DO NOT EDIT THIS FILE DIRECTLY.
# yarn lockfile v1


"@sentry/angular@^6.0.0":
  version "6.0.4"
  resolved "https://registry.yarnpkg.com/@sentry/angular/-/angular-6.0.4.tgz#bf9679b4cfafc3602938c5c447b8a38af0c6c9c0"
  integrity sha512-KFQQd+rIlSGSFxW2kQj7qKSfL0+lvqlrFlj3TKYDiPDLzWTt8kn/GvolFRbqWZ0n0aOBDwhXd4MGMsPmR7uzxA==
  dependencies:
    "@sentry/browser" "6.0.4"
    "@sentry/types" "6.0.4"
    "@sentry/utils" "6.0.4"
    rxjs "^6.6.0"
    tslib "^1.9.3"

"@sentry/browser@6.0.4":
  version "6.0.4"
  resolved "https://registry.yarnpkg.com/@sentry/browser/-/browser-6.0.4.tgz#f31c0a9e7b22638cff9da70aa96c7934a18a2059"
  integrity sha512-DrlH53IPNZmW6XWT0Za7vGtIyKpm45An662xvXavI8LQQH0qhPU9mb7NcvecwDfs6jXEV2w5Y8rKjuu/J4QxAA==
  dependencies:
    "@sentry/core" "6.0.4"
    "@sentry/types" "6.0.4"
    "@sentry/utils" "6.0.4"
    tslib "^1.9.3"

"@sentry/core@6.0.4":
  version "6.0.4"
  resolved "https://registry.yarnpkg.com/@sentry/core/-/core-6.0.4.tgz#b8d41528309531335407efd9785206aa020b2271"
  integrity sha512-5+Xnk3jb0nkKYvgBV/kKWUqrNsNeM38r98ZRqfHrl69WoSrv+ynTsj8gn0tZO+VvhxUDRLOYvDha+QZgkYZt/w==
  dependencies:
    "@sentry/hub" "6.0.4"
    "@sentry/minimal" "6.0.4"
    "@sentry/types" "6.0.4"
    "@sentry/utils" "6.0.4"
    tslib "^1.9.3"

"@sentry/hub@6.0.4":
  version "6.0.4"
  resolved "https://registry.yarnpkg.com/@sentry/hub/-/hub-6.0.4.tgz#b13eac8fe4d4822dc4f997a415e9cfe8cc52fbd9"
  integrity sha512-gutuxH8M3CdElSbwqNq9G29MiNuGsPESB22w4k4wx+pc632bi6w0v53+BLjGO6wh2EMfHVWptgAYmojEk5yKQg==
  dependencies:
    "@sentry/types" "6.0.4"
    "@sentry/utils" "6.0.4"
    tslib "^1.9.3"

"@sentry/minimal@6.0.4":
  version "6.0.4"
  resolved "https://registry.yarnpkg.com/@sentry/minimal/-/minimal-6.0.4.tgz#5a08ac6b0899fa5db409b1a5b888740f769cb6a5"
  integrity sha512-COL0tjznrCaatOPH2eGgT1Y9vUUKJw+W0srCn5V1dHgRu3t00rGFXrcyOXQmHfEWmBaagt9lXEJCFaN7yMucVQ==
  dependencies:
    "@sentry/hub" "6.0.4"
    "@sentry/types" "6.0.4"
    tslib "^1.9.3"

"@sentry/tracing@^6.0.0":
  version "6.0.4"
  resolved "https://registry.yarnpkg.com/@sentry/tracing/-/tracing-6.0.4.tgz#5a45d42b24956ac38f8c906f1054a5342ada5c8f"
  integrity sha512-/da81kbkpiA17kAVjW8ZdpASwgsdYUXZg3jdOfbV07HK/6aFkfOF8/sHKMjVG2Iy4oaRel/F7l6/wf+XlKbBMw==
  dependencies:
    "@sentry/hub" "6.0.4"
    "@sentry/minimal" "6.0.4"
    "@sentry/types" "6.0.4"
    "@sentry/utils" "6.0.4"
    tslib "^1.9.3"

"@sentry/types@6.0.4":
  version "6.0.4"
  resolved "https://registry.yarnpkg.com/@sentry/types/-/types-6.0.4.tgz#762949dc4ba25f4071c405f67ddc28c84b6dc08f"
  integrity sha512-VqmnhJPpPmsu4gMzSZw8UHgYlP1QSikMZ5X6E3q6zwmbWu+2oniQHD6xGB6PXv6uTo5zg2NseQEiWnEjJRUYWw==

"@sentry/utils@6.0.4":
  version "6.0.4"
  resolved "https://registry.yarnpkg.com/@sentry/utils/-/utils-6.0.4.tgz#92ed5c114c633b8b59ae6fae70bd8bbfc88e302f"
  integrity sha512-UOAz5p5IIntmIcmX04Cjk7l7+EwnuBn2S/rhNN92I1vDCaL010OmUZOHGHJExoXBE75zVh/LDssAPQTKXo0F+g==
  dependencies:
    "@sentry/types" "6.0.4"
    tslib "^1.9.3"

rxjs@^6.6.0:
  version "6.6.3"
  resolved "https://registry.yarnpkg.com/rxjs/-/rxjs-6.6.3.tgz#8ca84635c4daa900c0d3967a6ee7ac60271ee552"
  integrity sha512-trsQc+xYYXZ3urjOiJOuCOa5N3jAZ3eiSpQB5hIT8zGlL2QfnHLJ2r7GMkBGuIausdJN1OneaI6gQlsqNHHmZQ==
  dependencies:
    tslib "^1.9.0"

tslib@^1.9.0, tslib@^1.9.3:
  version "1.14.1"
  resolved "https://registry.yarnpkg.com/tslib/-/tslib-1.14.1.tgz#cf2d38bdc34a134bcaf1091c41f6619e2f672d00"
  integrity sha512-Xni35NKzjgMrwevysHTCArtLDpPvye8zV/0E4EyYn43P7/7qvQwPh9BGkHewbMulVntbigmcT7rdX3BNo9wRJg==

tslib@^2.0.0:
  version "2.1.0"
  resolved "https://registry.yarnpkg.com/tslib/-/tslib-2.1.0.tgz#da60860f1c2ecaa5703ab7d39bc05b6bf988b97a"
  integrity sha512-hcVC3wYEziELGGmEEXue7D75zbwIIVUMWAVbHItGPx0ziyXxrOMQx4rQEVEV45Ut/1IotuEvwqPopzIOkDMf0A==
